
Microsoft Visual Studio Solution File, Format Version 12.00
# Visual Studio Version 17
VisualStudioVersion = 17.7.34018.315
MinimumVisualStudioVersion = 10.0.40219.1
Project("{9A19103F-16F7-4668-BE54-9A1E7A4F7556}") = "Abeslamidze_Web", "Abeslamidze_Web\Abeslamidze_Web.csproj", "{2091EE65-F0B7-4193-AF94-17683EFA06C7}"
EndProject
Project("{9A19103F-16F7-4668-BE54-9A1E7A4F7556}") = "Abeslamidze_Web.DAL", "Abeslamidze_Web.DAL\Abeslamidze_Web.DAL.csproj", "{9E769898-D2D4-4BBA-92D5-83AB4A2CC854}"
EndProject
Project("{FAE04EC0-301F-11D3-BF4B-00C04F79EFBC}") = "Abeslamidze_Web.Tests", "Abeslamidze_Web.Tests\Abeslamidze_Web.Tests.csproj", "{D55EE8DC-DF39-441E-9AA7-7088F301DB04}"
EndProject
Global
	GlobalSection(SolutionConfigurationPlatforms) = preSolution
		Debug|Any CPU = Debug|Any CPU
		Release|Any CPU = Release|Any CPU
	EndGlobalSection
	GlobalSection(ProjectConfigurationPlatforms) = postSolution
		{2091EE65-F0B7-4193-AF94-17683EFA06C7}.Debug|Any CPU.ActiveCfg = Debug|Any CPU
		{2091EE65-F0B7-4193-AF94-17683EFA06C7}.Debug|Any CPU.Build.0 = Debug|Any CPU
		{2091EE65-F0B7-4193-AF94-17683EFA06C7}.Release|Any CPU.ActiveCfg = Release|Any CPU
		{2091EE65-F0B7-4193-AF94-17683EFA06C7}.Release|Any CPU.Build.0 = Release|Any CPU
		{9E769898-D2D4-4BBA-92D5-83AB4A2CC854}.Debug|Any CPU.ActiveCfg = Debug|Any CPU
		{9E769898-D2D4-4BBA-92D5-83AB4A2CC854}.Debug|Any CPU.Build.0 = Debug|Any CPU
		{9E769898-D2D4-4BBA-92D5-83AB4A2CC854}.Release|Any CPU.ActiveCfg = Release|Any CPU
		{9E769898-D2D4-4BBA-92D5-83AB4A2CC854}.Release|Any CPU.Build.0 = Release|Any CPU
		{D55EE8DC-DF39-441E-9AA7-7088F301DB04}.Debug|Any CPU.ActiveCfg = Debug|Any CPU
		{D55EE8DC-DF39-441E-9AA7-7088F301DB04}.Debug|Any CPU.Build.0 = Debug|Any CPU
		{D55EE8DC-DF39-441E-9AA7-7088F301DB04}.Release|Any CPU.ActiveCfg = Release|Any CPU
		{D55EE8DC-DF39-441E-9AA7-7088F301DB04}.Release|Any CPU.Build.0 = Release|Any CPU
	EndGlobalSection
	GlobalSection(SolutionProperties) = preSolution
		HideSolutionNode = FALSE
	EndGlobalSection
	GlobalSection(ExtensibilityGlobals) = postSolution
		SolutionGuid = {F7EFC7E5-F2FB-46B6-A015-7CC6D9E9A629}
	EndGlobalSection
EndGlobal
